// !$*UTF8*$!
{
	archiveVersion = 1;
	classes = {
	};
	objectVersion = 50;
	objects = {

/* Begin PBXBuildFile section */
		1FE179FA215B0B5F00B518FC /* AppDelegate.swift in Sources */ = {isa = PBXBuildFile; fileRef = 1FE179F9215B0B5F00B518FC /* AppDelegate.swift */; };
		1FE179FC215B0B5F00B518FC /* ViewController.swift in Sources */ = {isa = PBXBuildFile; fileRef = 1FE179FB215B0B5F00B518FC /* ViewController.swift */; };
		1FE179FE215B0B5F00B518FC /* Document.swift in Sources */ = {isa = PBXBuildFile; fileRef = 1FE179FD215B0B5F00B518FC /* Document.swift */; };
		1FE17A00215B0B6100B518FC /* Assets.xcassets in Resources */ = {isa = PBXBuildFile; fileRef = 1FE179FF215B0B6100B518FC /* Assets.xcassets */; };
		1FE17A03215B0B6100B518FC /* Main.storyboard in Resources */ = {isa = PBXBuildFile; fileRef = 1FE17A01215B0B6100B518FC /* Main.storyboard */; };
		1FE17A0C215B0B7D00B518FC /* Person.swift in Sources */ = {isa = PBXBuildFile; fileRef = 1FE17A0B215B0B7D00B518FC /* Person.swift */; };
/* End PBXBuildFile section */

/* Begin PBXFileReference section */
		1FE179F6215B0B5F00B518FC /* RaiseManTwo.app */ = {isa = PBXFileReference; explicitFileType = wrapper.application; includeInIndex = 0; path = RaiseManTwo.app; sourceTree = BUILT_PRODUCTS_DIR; };
		1FE179F9215B0B5F00B518FC /* AppDelegate.swift */ = {isa = PBXFileReference; lastKnownFileType = sourcecode.swift; path = AppDelegate.swift; sourceTree = "<group>"; };
		1FE179FB215B0B5F00B518FC /* ViewController.swift */ = {isa = PBXFileReference; lastKnownFileType = sourcecode.swift; path = ViewController.swift; sourceTree = "<group>"; };
		1FE179FD215B0B5F00B518FC /* Document.swift */ = {isa = PBXFileReference; lastKnownFileType = sourcecode.swift; path = Document.swift; sourceTree = "<group>"; };
		1FE179FF215B0B6100B518FC /* Assets.xcassets */ = {isa = PBXFileReference; lastKnownFileType = folder.assetcatalog; path = Assets.xcassets; sourceTree = "<group>"; };
		1FE17A02215B0B6100B518FC /* Base */ = {isa = PBXFileReference; lastKnownFileType = file.storyboard; name = Base; path = Base.lproj/Main.storyboard; sourceTree = "<group>"; };
		1FE17A04215B0B6100B518FC /* Info.plist */ = {isa = PBXFileReference; lastKnownFileType = text.plist.xml; path = Info.plist; sourceTree = "<group>"; };
		1FE17A05215B0B6100B518FC /* RaiseManTwo.entitlements */ = {isa = PBXFileReference; lastKnownFileType = text.plist.entitlements; path = RaiseManTwo.entitlements; sourceTree = "<group>"; };
		1FE17A0B215B0B7D00B518FC /* Person.swift */ = {isa = PBXFileReference; lastKnownFileType = sourcecode.swift; path = Person.swift; sourceTree = "<group>"; };
/* End PBXFileReference section */

/* Begin PBXFrameworksBuildPhase section */
		1FE179F3215B0B5F00B518FC /* Frameworks */ = {
			isa = PBXFrameworksBuildPhase;
			buildActionMask = 2147483647;
			files = (
			);
			runOnlyForDeploymentPostprocessing = 0;
		};
/* End PBXFrameworksBuildPhase section */

/* Begin PBXGroup section */
		1FE179ED215B0B5F00B518FC = {
			isa = PBXGroup;
			children = (
				1FE179F8215B0B5F00B518FC /* RaiseManTwo */,
				1FE179F7215B0B5F00B518FC /* Products */,
			);
			sourceTree = "<group>";
		};
		1FE179F7215B0B5F00B518FC /* Products */ = {
			isa = PBXGroup;
			children = (
				1FE179F6215B0B5F00B518FC /* RaiseManTwo.app */,
			);
			name = Products;
			sourceTree = "<group>";
		};
		1FE179F8215B0B5F00B518FC /* RaiseManTwo */ = {
			isa = PBXGroup;
			children = (
				1FE179F9215B0B5F00B518FC /* AppDelegate.swift */,
				1FE179FB215B0B5F00B518FC /* ViewController.swift */,
				1FE179FD215B0B5F00B518FC /* Document.swift */,
				1FE179FF215B0B6100B518FC /* Assets.xcassets */,
				1FE17A01215B0B6100B518FC /* Main.storyboard */,
				1FE17A0B215B0B7D00B518FC /* Person.swift */,
				1FE17A04215B0B6100B518FC /* Info.plist */,
				1FE17A05215B0B6100B518FC /* RaiseManTwo.entitlements */,
			);
			path = RaiseManTwo;
			sourceTree = "<group>";
		};
/* End PBXGroup section */

/* Begin PBXNativeTarget section */
		1FE179F5215B0B5F00B518FC /* RaiseManTwo */ = {
			isa = PBXNativeTarget;
			buildConfigurationList = 1FE17A08215B0B6100B518FC /* Build configuration list for PBXNativeTarget "RaiseManTwo" */;
			buildPhases = (
				1FE179F2215B0B5F00B518FC /* Sources */,
				1FE179F3215B0B5F00B518FC /* Frameworks */,
				1FE179F4215B0B5F00B518FC /* Resources */,
			);
			buildRules = (
			);
			dependencies = (
			);
			name = RaiseManTwo;
			productName = RaiseManTwo;
			productReference = 1FE179F6215B0B5F00B518FC /* RaiseManTwo.app */;
			productType = "com.apple.product-type.application";
		};
/* End PBXNativeTarget section */

/* Begin PBXProject section */
		1FE179EE215B0B5F00B518FC /* Project object */ = {
			isa = PBXProject;
			attributes = {
				LastSwiftUpdateCheck = 0940;
				LastUpgradeCheck = 0940;
				ORGANIZATIONNAME = "Tobyn Packer";
				TargetAttributes = {
					1FE179F5215B0B5F00B518FC = {
						CreatedOnToolsVersion = 9.4.1;
					};
				};
			};
			buildConfigurationList = 1FE179F1215B0B5F00B518FC /* Build configuration list for PBXProject "RaiseManTwo" */;
			compatibilityVersion = "Xcode 9.3";
			developmentRegion = en;
			hasScannedForEncodings = 0;
			knownRegions = (
				en,
				Base,
			);
			mainGroup = 1FE179ED215B0B5F00B518FC;
			productRefGroup = 1FE179F7215B0B5F00B518FC /* Products */;
			projectDirPath = "";
			projectRoot = "";
			targets = (
				1FE179F5215B0B5F00B518FC /* RaiseManTwo */,
			);
		};
/* End PBXProject section */

/* Begin PBXResourcesBuildPhase section */
		1FE179F4215B0B5F00B518FC /* Resources */ = {
			isa = PBXResourcesBuildPhase;
			buildActionMask = 2147483647;
			files = (
				1FE17A00215B0B6100B518FC /* Assets.xcassets in Resources */,
				1FE17A03215B0B6100B518FC /* Main.storyboard in Resources */,
			);
			runOnlyForDeploymentPostprocessing = 0;
		};
/* End PBXResourcesBuildPhase section */

/* Begin PBXSourcesBuildPhase section */
		1FE179F2215B0B5F00B518FC /* Sources */ = {
			isa = PBXSourcesBuildPhase;
			buildActionMask = 2147483647;
			files = (
				1FE179FC215B0B5F00B518FC /* ViewController.swift in Sources */,
				1FE179FA215B0B5F00B518FC /* AppDelegate.swift in Sources */,
				1FE17A0C215B0B7D00B518FC /* Person.swift in Sources */,
				1FE179FE215B0B5F00B518FC /* Document.swift in Sources */,
			);
			runOnlyForDeploymentPostprocessing = 0;
		};
/* End PBXSourcesBuildPhase section */

/* Begin PBXVariantGroup section */
		1FE17A01215B0B6100B518FC /* Main.storyboard */ = {
			isa = PBXVariantGroup;
			children = (
				1FE17A02215B0B6100B518FC /* Base */,
			);
			name = Main.storyboard;
			sourceTree = "<group>";
		};
/* End PBXVariantGroup section */

/* Begin XCBuildConfiguration section */
		1FE17A06215B0B6100B518FC /* Debug */ = {
			isa = XCBuildConfiguration;
			buildSettings = {
				ALWAYS_SEARCH_USER_PATHS = NO;
				CLANG_ANALYZER_NONNULL = YES;
				CLANG_ANALYZER_NUMBER_OBJECT_CONVERSION = YES_AGGRESSIVE;
				CLANG_CXX_LANGUAGE_STANDARD = "gnu++14";
				CLANG_CXX_LIBRARY = "libc++";
				CLANG_ENABLE_MODULES = YES;
				CLANG_ENABLE_OBJC_ARC = YES;
				CLANG_ENABLE_OBJC_WEAK = YES;
				CLANG_WARN_BLOCK_CAPTURE_AUTORELEASING = YES;
				CLANG_WARN_BOOL_CONVERSION = YES;
				CLANG_WARN_COMMA = YES;
				CLANG_WARN_CONSTANT_CONVERSION = YES;
				CLANG_WARN_DEPRECATED_OBJC_IMPLEMENTATIONS = YES;
				CLANG_WARN_DIRECT_OBJC_ISA_USAGE = YES_ERROR;
				CLANG_WARN_DOCUMENTATION_COMMENTS = YES;
				CLANG_WARN_EMPTY_BODY = YES;
				CLANG_WARN_ENUM_CONVERSION = YES;
				CLANG_WARN_INFINITE_RECURSION = YES;
				CLANG_WARN_INT_CONVERSION = YES;
				CLANG_WARN_NON_LITERAL_NULL_CONVERSION = YES;
				CLANG_WARN_OBJC_IMPLICIT_RETAIN_SELF = YES;
				CLANG_WARN_OBJC_LITERAL_CONVERSION = YES;
				CLANG_WARN_OBJC_ROOT_CLASS = YES_ERROR;
				CLANG_WARN_RANGE_LOOP_ANALYSIS = YES;
				CLANG_WARN_STRICT_PROTOTYPES = YES;
				CLANG_WARN_SUSPICIOUS_MOVE = YES;
				CLANG_WARN_UNGUARDED_AVAILABILITY = YES_AGGRESSIVE;
				CLANG_WARN_UNREACHABLE_CODE = YES;
				CLANG_WARN__DUPLICATE_METHOD_MATCH = YES;
				CODE_SIGN_IDENTITY = "-";
				COPY_PHASE_STRIP = NO;
				DEBUG_INFORMATION_FORMAT = dwarf;
				ENABLE_STRICT_OBJC_MSGSEND = YES;
				ENABLE_TESTABILITY = YES;
				GCC_C_LANGUAGE_STANDARD = gnu11;
				GCC_DYNAMIC_NO_PIC = NO;
				GCC_NO_COMMON_BLOCKS = YES;
				GCC_OPTIMIZATION_LEVEL = 0;
				GCC_PREPROCESSOR_DEFINITIONS = (
					"DEBUG=1",
					"$(inherited)",
				);
				GCC_WARN_64_TO_32_BIT_CONVERSION = YES;
				GCC_WARN_ABOUT_RETURN_TYPE = YES_ERROR;
				GCC_WARN_UNDECLARED_SELECTOR = YES;
				GCC_WARN_UNINITIALIZED_AUTOS = YES_AGGRESSIVE;
				GCC_WARN_UNUSED_FUNCTION = YES;
				GCC_WARN_UNUSED_VARIABLE = YES;
				MACOSX_DEPLOYMENT_TARGET = 10.13;
				MTL_ENABLE_DEBUG_INFO = YES;
				ONLY_ACTIVE_ARCH = YES;
				SDKROOT = macosx;
				SWIFT_ACTIVE_COMPILATION_CONDITIONS = DEBUG;
				SWIFT_OPTIMIZATION_LEVEL = "-Onone";
			};
			name = Debug;
		};
		1FE17A07215B0B6100B518FC /* Release */ = {
			isa = XCBuildConfiguration;
			buildSettings = {
				ALWAYS_SEARCH_USER_PATHS = NO;
				CLANG_ANALYZER_NONNULL = YES;
				CLANG_ANALYZER_NUMBER_OBJECT_CONVERSION = YES_AGGRESSIVE;
				CLANG_CXX_LANGUAGE_STANDARD = "gnu++14";
				CLANG_CXX_LIBRARY = "libc++";
				CLANG_ENABLE_MODULES = YES;
				CLANG_ENABLE_OBJC_ARC = YES;
				CLANG_ENABLE_OBJC_WEAK = YES;
				CLANG_WARN_BLOCK_CAPTURE_AUTORELEASING = YES;
				CLANG_WARN_BOOL_CONVERSION = YES;
				CLANG_WARN_COMMA = YES;
				CLANG_WARN_CONSTANT_CONVERSION = YES;
				CLANG_WARN_DEPRECATED_OBJC_IMPLEMENTATIONS = YES;
				CLANG_WARN_DIRECT_OBJC_ISA_USAGE = YES_ERROR;
				CLANG_WARN_DOCUMENTATION_COMMENTS = YES;
				CLANG_WARN_EMPTY_BODY = YES;
				CLANG_WARN_ENUM_CONVERSION = YES;
				CLANG_WARN_INFINITE_RECURSION = YES;
				CLANG_WARN_INT_CONVERSION = YES;
				CLANG_WARN_NON_LITERAL_NULL_CONVERSION = YES;
				CLANG_WARN_OBJC_IMPLICIT_RETAIN_SELF = YES;
				CLANG_WARN_OBJC_LITERAL_CONVERSION = YES;
				CLANG_WARN_OBJC_ROOT_CLASS = YES_ERROR;
				CLANG_WARN_RANGE_LOOP_ANALYSIS = YES;
				CLANG_WARN_STRICT_PROTOTYPES = YES;
				CLANG_WARN_SUSPICIOUS_MOVE = YES;
				CLANG_WARN_UNGUARDED_AVAILABILITY = YES_AGGRESSIVE;
				CLANG_WARN_UNREACHABLE_CODE = YES;
				CLANG_WARN__DUPLICATE_METHOD_MATCH = YES;
				CODE_SIGN_IDENTITY = "-";
				COPY_PHASE_STRIP = NO;
				DEBUG_INFORMATION_FORMAT = "dwarf-with-dsym";
				ENABLE_NS_ASSERTIONS = NO;
				ENABLE_STRICT_OBJC_MSGSEND = YES;
				GCC_C_LANGUAGE_STANDARD = gnu11;
				GCC_NO_COMMON_BLOCKS = YES;
				GCC_WARN_64_TO_32_BIT_CONVERSION = YES;
				GCC_WARN_ABOUT_RETURN_TYPE = YES_ERROR;
				GCC_WARN_UNDECLARED_SELECTOR = YES;
				GCC_WARN_UNINITIALIZED_AUTOS = YES_AGGRESSIVE;
				GCC_WARN_UNUSED_FUNCTION = YES;
				GCC_WARN_UNUSED_VARIABLE = YES;
				MACOSX_DEPLOYMENT_TARGET = 10.13;
				MTL_ENABLE_DEBUG_INFO = NO;
				SDKROOT = macosx;
				SWIFT_COMPILATION_MODE = wholemodule;
				SWIFT_OPTIMIZATION_LEVEL = "-O";
			};
			name = Release;
		};
		1FE17A09215B0B6100B518FC /* Debug */ = {
			isa = XCBuildConfiguration;
			buildSettings = {
				ASSETCATALOG_COMPILER_APPICON_NAME = AppIcon;
				CODE_SIGN_ENTITLEMENTS = RaiseManTwo/RaiseManTwo.entitlements;
				CODE_SIGN_STYLE = Automatic;
				COMBINE_HIDPI_IMAGES = YES;
				INFOPLIST_FILE = RaiseManTwo/Info.plist;
				LD_RUNPATH_SEARCH_PATHS = (
					"$(inherited)",
					"@executable_path/../Frameworks",
				);
				PRODUCT_BUNDLE_IDENTIFIER = "tobyn-cosc346.RaiseManTwo";
				PRODUCT_NAME = "$(TARGET_NAME)";
				SWIFT_VERSION = 4.0;
			};
			name = Debug;
		};
		1FE17A0A215B0B6100B518FC /* Release */ = {
			isa = XCBuildConfiguration;
			buildSettings = {
				ASSETCATALOG_COMPILER_APPICON_NAME = AppIcon;
				CODE_SIGN_ENTITLEMENTS = RaiseManTwo/RaiseManTwo.entitlements;
				CODE_SIGN_STYLE = Automatic;
				COMBINE_HIDPI_IMAGES = YES;
				INFOPLIST_FILE = RaiseManTwo/Info.plist;
				LD_RUNPATH_SEARCH_PATHS = (
					"$(inherited)",
					"@executable_path/../Frameworks",
				);
				PRODUCT_BUNDLE_IDENTIFIER = "tobyn-cosc346.RaiseManTwo";
				PRODUCT_NAME = "$(TARGET_NAME)";
				SWIFT_VERSION = 4.0;
			};
			name = Release;
		};
/* End XCBuildConfiguration section */

/* Begin XCConfigurationList section */
		1FE179F1215B0B5F00B518FC /* Build configuration list for PBXProject "RaiseManTwo" */ = {
			isa = XCConfigurationList;
			buildConfigurations = (
				1FE17A06215B0B6100B518FC /* Debug */,
				1FE17A07215B0B6100B518FC /* Release */,
			);
			defaultConfigurationIsVisible = 0;
			defaultConfigurationName = Release;
		};
		1FE17A08215B0B6100B518FC /* Build configuration list for PBXNativeTarget "RaiseManTwo" */ = {
			isa = XCConfigurationList;
			buildConfigurations = (
				1FE17A09215B0B6100B518FC /* Debug */,
				1FE17A0A215B0B6100B518FC /* Release */,
			);
			defaultConfigurationIsVisible = 0;
			defaultConfigurationName = Release;
		};
/* End XCConfigurationList section */
	};
	rootObject = 1FE179EE215B0B5F00B518FC /* Project object */;
}
